
Microsoft Visual Studio Solution File, Format Version 12.00
# Visual Studio 2012
Project("{FAE04EC0-301F-11D3-BF4B-00C04F79EFBC}") = "MvcApplication1", "MvcApplication1\MvcApplication1.csproj", "{65794E1F-739E-4803-9119-FD7BB2CA34EA}"
EndProject
Project("{FAE04EC0-301F-11D3-BF4B-00C04F79EFBC}") = "MvcApplication1.Tests", "MvcApplication1.Tests\MvcApplication1.Tests.csproj", "{5425998C-6971-4845-AE8A-25E6C06007B9}"
EndProject
Global
	GlobalSection(SolutionConfigurationPlatforms) = preSolution
		Debug|Any CPU = Debug|Any CPU
		Release|Any CPU = Release|Any CPU
	EndGlobalSection
	GlobalSection(ProjectConfigurationPlatforms) = postSolution
		{65794E1F-739E-4803-9119-FD7BB2CA34EA}.Debug|Any CPU.ActiveCfg = Debug|Any CPU
		{65794E1F-739E-4803-9119-FD7BB2CA34EA}.Debug|Any CPU.Build.0 = Debug|Any CPU
		{65794E1F-739E-4803-9119-FD7BB2CA34EA}.Release|Any CPU.ActiveCfg = Release|Any CPU
		{65794E1F-739E-4803-9119-FD7BB2CA34EA}.Release|Any CPU.Build.0 = Release|Any CPU
		{5425998C-6971-4845-AE8A-25E6C06007B9}.Debug|Any CPU.ActiveCfg = Debug|Any CPU
		{5425998C-6971-4845-AE8A-25E6C06007B9}.Debug|Any CPU.Build.0 = Debug|Any CPU
		{5425998C-6971-4845-AE8A-25E6C06007B9}.Release|Any CPU.ActiveCfg = Release|Any CPU
		{5425998C-6971-4845-AE8A-25E6C06007B9}.Release|Any CPU.Build.0 = Release|Any CPU
	EndGlobalSection
	GlobalSection(SolutionProperties) = preSolution
		HideSolutionNode = FALSE
	EndGlobalSection
EndGlobal
